// !$*UTF8*$!
{
	archiveVersion = 1;
	classes = {
	};
	objectVersion = 46;
	objects = {

/* Begin PBXBuildFile section */
		0F0A1AAA1DF6352C007DCC8A /* FeedTableViewCell.swift in Sources */ = {isa = PBXBuildFile; fileRef = 0F0A1AA91DF6352C007DCC8A /* FeedTableViewCell.swift */; };
		0F0A1AAF1DF63591007DCC8A /* CustomTabBarStroyBoard.storyboard in Resources */ = {isa = PBXBuildFile; fileRef = 0F0A1AAB1DF63591007DCC8A /* CustomTabBarStroyBoard.storyboard */; };
		0F0A1AB21DF63607007DCC8A /* DMPost.swift in Sources */ = {isa = PBXBuildFile; fileRef = 0F0A1AB11DF63607007DCC8A /* DMPost.swift */; };
		0F0A1AB81DF660BD007DCC8A /* MapViewStoryBoard.storyboard in Resources */ = {isa = PBXBuildFile; fileRef = 0F0A1AB71DF660BD007DCC8A /* MapViewStoryBoard.storyboard */; };
		0F0A1ABA1DF67184007DCC8A /* ProfileStoryBoard.storyboard in Resources */ = {isa = PBXBuildFile; fileRef = 0F0A1AB91DF67184007DCC8A /* ProfileStoryBoard.storyboard */; };
		0F0A1ABC1DF77940007DCC8A /* NewSongTableViewController.swift in Sources */ = {isa = PBXBuildFile; fileRef = 0F0A1ABB1DF77940007DCC8A /* NewSongTableViewController.swift */; };
		0F0A1ABE1DF77D3C007DCC8A /* ItunesSearchTableViewController.swift in Sources */ = {isa = PBXBuildFile; fileRef = 0F0A1ABD1DF77D3C007DCC8A /* ItunesSearchTableViewController.swift */; };
		0F0A1AC01DF77E8C007DCC8A /* ITunesSearchController.swift in Sources */ = {isa = PBXBuildFile; fileRef = 0F0A1ABF1DF77E8C007DCC8A /* ITunesSearchController.swift */; };
		0F0A1AC21DF77E9E007DCC8A /* NetworkController.swift in Sources */ = {isa = PBXBuildFile; fileRef = 0F0A1AC11DF77E9E007DCC8A /* NetworkController.swift */; };
		0F0A1AC41DF7815B007DCC8A /* DataTypeModifier.swift in Sources */ = {isa = PBXBuildFile; fileRef = 0F0A1AC31DF7815B007DCC8A /* DataTypeModifier.swift */; };
		0F0A1AC61DF786AB007DCC8A /* ITunesTopChartsController.swift in Sources */ = {isa = PBXBuildFile; fileRef = 0F0A1AC51DF786AB007DCC8A /* ITunesTopChartsController.swift */; };
		0F0A1AC81DF78E14007DCC8A /* ImageController.swift in Sources */ = {isa = PBXBuildFile; fileRef = 0F0A1AC71DF78E14007DCC8A /* ImageController.swift */; };
		0F0A1ACA1DF78E94007DCC8A /* GCDController.swift in Sources */ = {isa = PBXBuildFile; fileRef = 0F0A1AC91DF78E94007DCC8A /* GCDController.swift */; };
		0F0A1ACC1DF8A311007DCC8A /* TopChartsTableViewCell.swift in Sources */ = {isa = PBXBuildFile; fileRef = 0F0A1ACB1DF8A311007DCC8A /* TopChartsTableViewCell.swift */; };
		0F0A1ACE1DF8BA4B007DCC8A /* ResultsTableViewController.swift in Sources */ = {isa = PBXBuildFile; fileRef = 0F0A1ACD1DF8BA4B007DCC8A /* ResultsTableViewController.swift */; };
		0F0A1AD01DF8BF2F007DCC8A /* ResultTableViewCell.swift in Sources */ = {isa = PBXBuildFile; fileRef = 0F0A1ACF1DF8BF2F007DCC8A /* ResultTableViewCell.swift */; };
		0F0A1AD21DF8CB51007DCC8A /* NewSongStoryBoard.storyboard in Resources */ = {isa = PBXBuildFile; fileRef = 0F0A1AD11DF8CB51007DCC8A /* NewSongStoryBoard.storyboard */; };
		0F0A1AD41DF93EA4007DCC8A /* AlbumDetailViewController.swift in Sources */ = {isa = PBXBuildFile; fileRef = 0F0A1AD31DF93EA4007DCC8A /* AlbumDetailViewController.swift */; };
		0F0A1AD61DF94037007DCC8A /* AlbumController.swift in Sources */ = {isa = PBXBuildFile; fileRef = 0F0A1AD51DF94037007DCC8A /* AlbumController.swift */; };
		0F0A1AD81DF94811007DCC8A /* AlbumDetailTableViewCell.swift in Sources */ = {isa = PBXBuildFile; fileRef = 0F0A1AD71DF94811007DCC8A /* AlbumDetailTableViewCell.swift */; };
		0F17DB511DEC0E65007A73EB /* DMAlbum.swift in Sources */ = {isa = PBXBuildFile; fileRef = 0F17DB501DEC0E65007A73EB /* DMAlbum.swift */; };
		0F17DB551DEC0EBF007A73EB /* DMMediaItem.swift in Sources */ = {isa = PBXBuildFile; fileRef = 0F17DB541DEC0EBF007A73EB /* DMMediaItem.swift */; };
		0F17DB571DEC1689007A73EB /* DMEcho.swift in Sources */ = {isa = PBXBuildFile; fileRef = 0F17DB561DEC1689007A73EB /* DMEcho.swift */; };
		0F17DB591DEC174B007A73EB /* DMUser.swift in Sources */ = {isa = PBXBuildFile; fileRef = 0F17DB581DEC174B007A73EB /* DMUser.swift */; };
		0F17DB5B1DEC192F007A73EB /* DMComment.swift in Sources */ = {isa = PBXBuildFile; fileRef = 0F17DB5A1DEC192F007A73EB /* DMComment.swift */; };
		0F17DB801DED2BF9007A73EB /* FeedTableViewController.swift in Sources */ = {isa = PBXBuildFile; fileRef = 0F17DB7F1DED2BF8007A73EB /* FeedTableViewController.swift */; };
		0F5B16A11DFF72A00073F806 /* PostController.swift in Sources */ = {isa = PBXBuildFile; fileRef = 0F5B16A01DFF72A00073F806 /* PostController.swift */; };
		0F5B16A51DFFCB000073F806 /* PhoneUserController.swift in Sources */ = {isa = PBXBuildFile; fileRef = 0F5B16A41DFFCB000073F806 /* PhoneUserController.swift */; };
		0F5B16A71E0870210073F806 /* UserController.swift in Sources */ = {isa = PBXBuildFile; fileRef = 0F5B16A61E0870210073F806 /* UserController.swift */; };
		0F5B16AC1E0886E30073F806 /* ProfileTableViewController.swift in Sources */ = {isa = PBXBuildFile; fileRef = 0F5B16AB1E0886E30073F806 /* ProfileTableViewController.swift */; };
		0F70714B1E14914F004D0A04 /* NewUserTableViewController.swift in Sources */ = {isa = PBXBuildFile; fileRef = 0F70714A1E14914F004D0A04 /* NewUserTableViewController.swift */; };
		0F7FEB861E31C6D900884B6C /* EchoCollectionViewCell.swift in Sources */ = {isa = PBXBuildFile; fileRef = 0F7FEB851E31C6D900884B6C /* EchoCollectionViewCell.swift */; };
		0F7FEB881E31CB3600884B6C /* AllEmojis.swift in Sources */ = {isa = PBXBuildFile; fileRef = 0F7FEB871E31CB3600884B6C /* AllEmojis.swift */; };
		0FDCC51F1DEAC9C300B99359 /* AppDelegate.swift in Sources */ = {isa = PBXBuildFile; fileRef = 0FDCC51E1DEAC9C300B99359 /* AppDelegate.swift */; };
		0FDCC5261DEAC9C300B99359 /* Assets.xcassets in Resources */ = {isa = PBXBuildFile; fileRef = 0FDCC5251DEAC9C300B99359 /* Assets.xcassets */; };
		0FDCC5291DEAC9C300B99359 /* LaunchScreen.storyboard in Resources */ = {isa = PBXBuildFile; fileRef = 0FDCC5271DEAC9C300B99359 /* LaunchScreen.storyboard */; };
		0FDCC5331DEAEEA100B99359 /* DMSong.swift in Sources */ = {isa = PBXBuildFile; fileRef = 0FDCC5321DEAEEA100B99359 /* DMSong.swift */; };
		0FDCC5361DEAEED800B99359 /* FeedStoryBoard.storyboard in Resources */ = {isa = PBXBuildFile; fileRef = 0FDCC5341DEAEED800B99359 /* FeedStoryBoard.storyboard */; };
		694C91661E0C7B730055486F /* NewUserStoryBoard.storyboard in Resources */ = {isa = PBXBuildFile; fileRef = 694C91641E0C7B730055486F /* NewUserStoryBoard.storyboard */; };
/* End PBXBuildFile section */

/* Begin PBXFileReference section */
		0F0A1AA91DF6352C007DCC8A /* FeedTableViewCell.swift */ = {isa = PBXFileReference; fileEncoding = 4; lastKnownFileType = sourcecode.swift; path = FeedTableViewCell.swift; sourceTree = "<group>"; };
		0F0A1AAC1DF63591007DCC8A /* Base */ = {isa = PBXFileReference; lastKnownFileType = file.storyboard; name = Base; path = DropMusic2/Base.lproj/CustomTabBarStroyBoard.storyboard; sourceTree = "<group>"; };
		0F0A1AB11DF63607007DCC8A /* DMPost.swift */ = {isa = PBXFileReference; fileEncoding = 4; lastKnownFileType = sourcecode.swift; path = DMPost.swift; sourceTree = "<group>"; };
		0F0A1AB71DF660BD007DCC8A /* MapViewStoryBoard.storyboard */ = {isa = PBXFileReference; fileEncoding = 4; lastKnownFileType = file.storyboard; path = MapViewStoryBoard.storyboard; sourceTree = "<group>"; };
		0F0A1AB91DF67184007DCC8A /* ProfileStoryBoard.storyboard */ = {isa = PBXFileReference; fileEncoding = 4; lastKnownFileType = file.storyboard; path = ProfileStoryBoard.storyboard; sourceTree = "<group>"; };
		0F0A1ABB1DF77940007DCC8A /* NewSongTableViewController.swift */ = {isa = PBXFileReference; fileEncoding = 4; lastKnownFileType = sourcecode.swift; path = NewSongTableViewController.swift; sourceTree = "<group>"; };
		0F0A1ABD1DF77D3C007DCC8A /* ItunesSearchTableViewController.swift */ = {isa = PBXFileReference; fileEncoding = 4; lastKnownFileType = sourcecode.swift; path = ItunesSearchTableViewController.swift; sourceTree = "<group>"; };
		0F0A1ABF1DF77E8C007DCC8A /* ITunesSearchController.swift */ = {isa = PBXFileReference; fileEncoding = 4; lastKnownFileType = sourcecode.swift; path = ITunesSearchController.swift; sourceTree = "<group>"; };
		0F0A1AC11DF77E9E007DCC8A /* NetworkController.swift */ = {isa = PBXFileReference; fileEncoding = 4; lastKnownFileType = sourcecode.swift; path = NetworkController.swift; sourceTree = "<group>"; };
		0F0A1AC31DF7815B007DCC8A /* DataTypeModifier.swift */ = {isa = PBXFileReference; fileEncoding = 4; lastKnownFileType = sourcecode.swift; path = DataTypeModifier.swift; sourceTree = "<group>"; };
		0F0A1AC51DF786AB007DCC8A /* ITunesTopChartsController.swift */ = {isa = PBXFileReference; fileEncoding = 4; lastKnownFileType = sourcecode.swift; path = ITunesTopChartsController.swift; sourceTree = "<group>"; };
		0F0A1AC71DF78E14007DCC8A /* ImageController.swift */ = {isa = PBXFileReference; fileEncoding = 4; lastKnownFileType = sourcecode.swift; path = ImageController.swift; sourceTree = "<group>"; };
		0F0A1AC91DF78E94007DCC8A /* GCDController.swift */ = {isa = PBXFileReference; fileEncoding = 4; lastKnownFileType = sourcecode.swift; path = GCDController.swift; sourceTree = "<group>"; };
		0F0A1ACB1DF8A311007DCC8A /* TopChartsTableViewCell.swift */ = {isa = PBXFileReference; fileEncoding = 4; lastKnownFileType = sourcecode.swift; path = TopChartsTableViewCell.swift; sourceTree = "<group>"; };
		0F0A1ACD1DF8BA4B007DCC8A /* ResultsTableViewController.swift */ = {isa = PBXFileReference; fileEncoding = 4; lastKnownFileType = sourcecode.swift; path = ResultsTableViewController.swift; sourceTree = "<group>"; };
		0F0A1ACF1DF8BF2F007DCC8A /* ResultTableViewCell.swift */ = {isa = PBXFileReference; fileEncoding = 4; lastKnownFileType = sourcecode.swift; path = ResultTableViewCell.swift; sourceTree = "<group>"; };
		0F0A1AD11DF8CB51007DCC8A /* NewSongStoryBoard.storyboard */ = {isa = PBXFileReference; fileEncoding = 4; lastKnownFileType = file.storyboard; path = NewSongStoryBoard.storyboard; sourceTree = "<group>"; };
		0F0A1AD31DF93EA4007DCC8A /* AlbumDetailViewController.swift */ = {isa = PBXFileReference; fileEncoding = 4; lastKnownFileType = sourcecode.swift; path = AlbumDetailViewController.swift; sourceTree = "<group>"; };
		0F0A1AD51DF94037007DCC8A /* AlbumController.swift */ = {isa = PBXFileReference; fileEncoding = 4; lastKnownFileType = sourcecode.swift; path = AlbumController.swift; sourceTree = "<group>"; };
		0F0A1AD71DF94811007DCC8A /* AlbumDetailTableViewCell.swift */ = {isa = PBXFileReference; fileEncoding = 4; lastKnownFileType = sourcecode.swift; path = AlbumDetailTableViewCell.swift; sourceTree = "<group>"; };
		0F17DB501DEC0E65007A73EB /* DMAlbum.swift */ = {isa = PBXFileReference; fileEncoding = 4; lastKnownFileType = sourcecode.swift; path = DMAlbum.swift; sourceTree = "<group>"; };
		0F17DB541DEC0EBF007A73EB /* DMMediaItem.swift */ = {isa = PBXFileReference; fileEncoding = 4; lastKnownFileType = sourcecode.swift; path = DMMediaItem.swift; sourceTree = "<group>"; };
		0F17DB561DEC1689007A73EB /* DMEcho.swift */ = {isa = PBXFileReference; fileEncoding = 4; lastKnownFileType = sourcecode.swift; path = DMEcho.swift; sourceTree = "<group>"; };
		0F17DB581DEC174B007A73EB /* DMUser.swift */ = {isa = PBXFileReference; fileEncoding = 4; lastKnownFileType = sourcecode.swift; path = DMUser.swift; sourceTree = "<group>"; };
		0F17DB5A1DEC192F007A73EB /* DMComment.swift */ = {isa = PBXFileReference; fileEncoding = 4; lastKnownFileType = sourcecode.swift; path = DMComment.swift; sourceTree = "<group>"; };
		0F17DB7F1DED2BF8007A73EB /* FeedTableViewController.swift */ = {isa = PBXFileReference; fileEncoding = 4; lastKnownFileType = sourcecode.swift; path = FeedTableViewController.swift; sourceTree = "<group>"; };
		0F5B16A01DFF72A00073F806 /* PostController.swift */ = {isa = PBXFileReference; fileEncoding = 4; lastKnownFileType = sourcecode.swift; path = PostController.swift; sourceTree = "<group>"; };
		0F5B16A41DFFCB000073F806 /* PhoneUserController.swift */ = {isa = PBXFileReference; fileEncoding = 4; lastKnownFileType = sourcecode.swift; path = PhoneUserController.swift; sourceTree = "<group>"; };
		0F5B16A61E0870210073F806 /* UserController.swift */ = {isa = PBXFileReference; fileEncoding = 4; lastKnownFileType = sourcecode.swift; path = UserController.swift; sourceTree = "<group>"; };
		0F5B16AB1E0886E30073F806 /* ProfileTableViewController.swift */ = {isa = PBXFileReference; fileEncoding = 4; lastKnownFileType = sourcecode.swift; path = ProfileTableViewController.swift; sourceTree = "<group>"; };
		0F70714A1E14914F004D0A04 /* NewUserTableViewController.swift */ = {isa = PBXFileReference; fileEncoding = 4; lastKnownFileType = sourcecode.swift; path = NewUserTableViewController.swift; sourceTree = "<group>"; };
		0F7FEB851E31C6D900884B6C /* EchoCollectionViewCell.swift */ = {isa = PBXFileReference; fileEncoding = 4; lastKnownFileType = sourcecode.swift; path = EchoCollectionViewCell.swift; sourceTree = "<group>"; };
		0F7FEB871E31CB3600884B6C /* AllEmojis.swift */ = {isa = PBXFileReference; fileEncoding = 4; lastKnownFileType = sourcecode.swift; path = AllEmojis.swift; sourceTree = "<group>"; };
		0FDCC51B1DEAC9C300B99359 /* DropMusic2.app */ = {isa = PBXFileReference; explicitFileType = wrapper.application; includeInIndex = 0; path = DropMusic2.app; sourceTree = BUILT_PRODUCTS_DIR; };
		0FDCC51E1DEAC9C300B99359 /* AppDelegate.swift */ = {isa = PBXFileReference; lastKnownFileType = sourcecode.swift; path = AppDelegate.swift; sourceTree = "<group>"; };
		0FDCC5251DEAC9C300B99359 /* Assets.xcassets */ = {isa = PBXFileReference; lastKnownFileType = folder.assetcatalog; path = Assets.xcassets; sourceTree = "<group>"; };
		0FDCC5281DEAC9C300B99359 /* Base */ = {isa = PBXFileReference; lastKnownFileType = file.storyboard; name = Base; path = Base.lproj/LaunchScreen.storyboard; sourceTree = "<group>"; };
		0FDCC52A1DEAC9C300B99359 /* Info.plist */ = {isa = PBXFileReference; lastKnownFileType = text.plist.xml; path = Info.plist; sourceTree = "<group>"; };
		0FDCC5321DEAEEA100B99359 /* DMSong.swift */ = {isa = PBXFileReference; fileEncoding = 4; lastKnownFileType = sourcecode.swift; path = DMSong.swift; sourceTree = "<group>"; };
		0FDCC5351DEAEED800B99359 /* Base */ = {isa = PBXFileReference; lastKnownFileType = file.storyboard; name = Base; path = DropMusic2/Base.lproj/FeedStoryBoard.storyboard; sourceTree = "<group>"; };
		694C91651E0C7B730055486F /* Base */ = {isa = PBXFileReference; lastKnownFileType = file.storyboard; name = Base; path = Base.lproj/NewUserStoryBoard.storyboard; sourceTree = "<group>"; };
/* End PBXFileReference section */

/* Begin PBXFrameworksBuildPhase section */
		0FDCC5181DEAC9C300B99359 /* Frameworks */ = {
			isa = PBXFrameworksBuildPhase;
			buildActionMask = 2147483647;
			files = (
			);
			runOnlyForDeploymentPostprocessing = 0;
		};
/* End PBXFrameworksBuildPhase section */

/* Begin PBXGroup section */
		0F0A1AA81DF634DA007DCC8A /* Custom Cells */ = {
			isa = PBXGroup;
			children = (
				0F0A1ACF1DF8BF2F007DCC8A /* ResultTableViewCell.swift */,
				0F0A1ACB1DF8A311007DCC8A /* TopChartsTableViewCell.swift */,
				0F0A1AA91DF6352C007DCC8A /* FeedTableViewCell.swift */,
				0F0A1AD71DF94811007DCC8A /* AlbumDetailTableViewCell.swift */,
				0F7FEB851E31C6D900884B6C /* EchoCollectionViewCell.swift */,
			);
			name = "Custom Cells";
			sourceTree = "<group>";
		};
		0F17DB521DEC0E6B007A73EB /* Models */ = {
			isa = PBXGroup;
			children = (
				0FDCC5321DEAEEA100B99359 /* DMSong.swift */,
				0F17DB501DEC0E65007A73EB /* DMAlbum.swift */,
				0F17DB561DEC1689007A73EB /* DMEcho.swift */,
				0F17DB5A1DEC192F007A73EB /* DMComment.swift */,
				0F0A1AB11DF63607007DCC8A /* DMPost.swift */,
				0F17DB581DEC174B007A73EB /* DMUser.swift */,
				0F0A1AC31DF7815B007DCC8A /* DataTypeModifier.swift */,
			);
			name = Models;
			sourceTree = "<group>";
		};
		0F17DB531DEC0E8C007A73EB /* Protocols */ = {
			isa = PBXGroup;
			children = (
				0F17DB541DEC0EBF007A73EB /* DMMediaItem.swift */,
			);
			name = Protocols;
			sourceTree = "<group>";
		};
		0F17DB5C1DEC1B4E007A73EB /* Utilities */ = {
			isa = PBXGroup;
			children = (
				0F7FEB871E31CB3600884B6C /* AllEmojis.swift */,
				0FDCC51E1DEAC9C300B99359 /* AppDelegate.swift */,
				0FDCC5251DEAC9C300B99359 /* Assets.xcassets */,
				0FDCC5271DEAC9C300B99359 /* LaunchScreen.storyboard */,
				0FDCC52A1DEAC9C300B99359 /* Info.plist */,
			);
			name = Utilities;
			sourceTree = "<group>";
		};
		0F17DB5D1DEC1B5D007A73EB /* Views */ = {
			isa = PBXGroup;
			children = (
				694C91641E0C7B730055486F /* NewUserStoryBoard.storyboard */,
				0F0A1AAB1DF63591007DCC8A /* CustomTabBarStroyBoard.storyboard */,
				0FDCC5341DEAEED800B99359 /* FeedStoryBoard.storyboard */,
				0F0A1AD11DF8CB51007DCC8A /* NewSongStoryBoard.storyboard */,
				0F0A1AB71DF660BD007DCC8A /* MapViewStoryBoard.storyboard */,
				0F0A1AB91DF67184007DCC8A /* ProfileStoryBoard.storyboard */,
			);
			name = Views;
			sourceTree = "<group>";
		};
		0F17DB7E1DED2A94007A73EB /* Controllers */ = {
			isa = PBXGroup;
			children = (
				0F5B16A61E0870210073F806 /* UserController.swift */,
				0F5B16A41DFFCB000073F806 /* PhoneUserController.swift */,
				0F5B16A01DFF72A00073F806 /* PostController.swift */,
				0F0A1ABF1DF77E8C007DCC8A /* ITunesSearchController.swift */,
				0F0A1AC51DF786AB007DCC8A /* ITunesTopChartsController.swift */,
				0F0A1AC71DF78E14007DCC8A /* ImageController.swift */,
				0F0A1AD51DF94037007DCC8A /* AlbumController.swift */,
				0F0A1AC91DF78E94007DCC8A /* GCDController.swift */,
				0F0A1AC11DF77E9E007DCC8A /* NetworkController.swift */,
			);
			name = Controllers;
			sourceTree = "<group>";
		};
		0F17DB811DED2BFD007A73EB /* ViewControllers */ = {
			isa = PBXGroup;
			children = (
				0F7071491E14912F004D0A04 /* NewUser */,
				0F5B16A91E0886A30073F806 /* Feed */,
				0F5B16A81E0886970073F806 /* NewSong */,
				0F5B16AA1E0886B30073F806 /* Profile */,
			);
			name = ViewControllers;
			sourceTree = "<group>";
		};
		0F5B16A81E0886970073F806 /* NewSong */ = {
			isa = PBXGroup;
			children = (
				0F0A1ABB1DF77940007DCC8A /* NewSongTableViewController.swift */,
				0F0A1ABD1DF77D3C007DCC8A /* ItunesSearchTableViewController.swift */,
				0F0A1ACD1DF8BA4B007DCC8A /* ResultsTableViewController.swift */,
				0F0A1AD31DF93EA4007DCC8A /* AlbumDetailViewController.swift */,
			);
			name = NewSong;
			sourceTree = "<group>";
		};
		0F5B16A91E0886A30073F806 /* Feed */ = {
			isa = PBXGroup;
			children = (
				0F17DB7F1DED2BF8007A73EB /* FeedTableViewController.swift */,
			);
			name = Feed;
			sourceTree = "<group>";
		};
		0F5B16AA1E0886B30073F806 /* Profile */ = {
			isa = PBXGroup;
			children = (
				0F5B16AB1E0886E30073F806 /* ProfileTableViewController.swift */,
			);
			name = Profile;
			sourceTree = "<group>";
		};
		0F7071491E14912F004D0A04 /* NewUser */ = {
			isa = PBXGroup;
			children = (
				0F70714A1E14914F004D0A04 /* NewUserTableViewController.swift */,
			);
			name = NewUser;
			sourceTree = "<group>";
		};
		0FDCC5121DEAC9C300B99359 = {
			isa = PBXGroup;
			children = (
				0FDCC51D1DEAC9C300B99359 /* DropMusic2 */,
				0FDCC51C1DEAC9C300B99359 /* Products */,
			);
			sourceTree = "<group>";
		};
		0FDCC51C1DEAC9C300B99359 /* Products */ = {
			isa = PBXGroup;
			children = (
				0FDCC51B1DEAC9C300B99359 /* DropMusic2.app */,
			);
			name = Products;
			sourceTree = "<group>";
		};
		0FDCC51D1DEAC9C300B99359 /* DropMusic2 */ = {
			isa = PBXGroup;
			children = (
				0F17DB7E1DED2A94007A73EB /* Controllers */,
				0F0A1AA81DF634DA007DCC8A /* Custom Cells */,
				0F17DB5D1DEC1B5D007A73EB /* Views */,
				0F17DB531DEC0E8C007A73EB /* Protocols */,
				0F17DB521DEC0E6B007A73EB /* Models */,
				0F17DB811DED2BFD007A73EB /* ViewControllers */,
				0F17DB5C1DEC1B4E007A73EB /* Utilities */,
			);
			path = DropMusic2;
			sourceTree = "<group>";
		};
/* End PBXGroup section */

/* Begin PBXNativeTarget section */
		0FDCC51A1DEAC9C300B99359 /* DropMusic2 */ = {
			isa = PBXNativeTarget;
			buildConfigurationList = 0FDCC52D1DEAC9C300B99359 /* Build configuration list for PBXNativeTarget "DropMusic2" */;
			buildPhases = (
				0FDCC5171DEAC9C300B99359 /* Sources */,
				0FDCC5181DEAC9C300B99359 /* Frameworks */,
				0FDCC5191DEAC9C300B99359 /* Resources */,
			);
			buildRules = (
			);
			dependencies = (
			);
			name = DropMusic2;
			productName = DropMusic2;
			productReference = 0FDCC51B1DEAC9C300B99359 /* DropMusic2.app */;
			productType = "com.apple.product-type.application";
		};
/* End PBXNativeTarget section */

/* Begin PBXProject section */
		0FDCC5131DEAC9C300B99359 /* Project object */ = {
			isa = PBXProject;
			attributes = {
				LastSwiftUpdateCheck = 0800;
				LastUpgradeCheck = 0810;
				ORGANIZATIONNAME = "Angel Contreras";
				TargetAttributes = {
					0FDCC51A1DEAC9C300B99359 = {
						CreatedOnToolsVersion = 8.0;
						DevelopmentTeam = GQMN9RP4XE;
						ProvisioningStyle = Automatic;
					};
				};
			};
			buildConfigurationList = 0FDCC5161DEAC9C300B99359 /* Build configuration list for PBXProject "DropMusic2" */;
			compatibilityVersion = "Xcode 3.2";
			developmentRegion = English;
			hasScannedForEncodings = 0;
			knownRegions = (
				en,
				Base,
			);
			mainGroup = 0FDCC5121DEAC9C300B99359;
			productRefGroup = 0FDCC51C1DEAC9C300B99359 /* Products */;
			projectDirPath = "";
			projectRoot = "";
			targets = (
				0FDCC51A1DEAC9C300B99359 /* DropMusic2 */,
			);
		};
/* End PBXProject section */

/* Begin PBXResourcesBuildPhase section */
		0FDCC5191DEAC9C300B99359 /* Resources */ = {
			isa = PBXResourcesBuildPhase;
			buildActionMask = 2147483647;
			files = (
				0F0A1AAF1DF63591007DCC8A /* CustomTabBarStroyBoard.storyboard in Resources */,
				0F0A1ABA1DF67184007DCC8A /* ProfileStoryBoard.storyboard in Resources */,
				0FDCC5361DEAEED800B99359 /* FeedStoryBoard.storyboard in Resources */,
				0FDCC5291DEAC9C300B99359 /* LaunchScreen.storyboard in Resources */,
				0F0A1AD21DF8CB51007DCC8A /* NewSongStoryBoard.storyboard in Resources */,
				694C91661E0C7B730055486F /* NewUserStoryBoard.storyboard in Resources */,
				0FDCC5261DEAC9C300B99359 /* Assets.xcassets in Resources */,
				0F0A1AB81DF660BD007DCC8A /* MapViewStoryBoard.storyboard in Resources */,
			);
			runOnlyForDeploymentPostprocessing = 0;
		};
/* End PBXResourcesBuildPhase section */

/* Begin PBXSourcesBuildPhase section */
		0FDCC5171DEAC9C300B99359 /* Sources */ = {
			isa = PBXSourcesBuildPhase;
			buildActionMask = 2147483647;
			files = (
				0F70714B1E14914F004D0A04 /* NewUserTableViewController.swift in Sources */,
				0F5B16A71E0870210073F806 /* UserController.swift in Sources */,
				0F5B16A11DFF72A00073F806 /* PostController.swift in Sources */,
				0F0A1AB21DF63607007DCC8A /* DMPost.swift in Sources */,
				0F17DB551DEC0EBF007A73EB /* DMMediaItem.swift in Sources */,
				0F17DB571DEC1689007A73EB /* DMEcho.swift in Sources */,
				0F0A1AD41DF93EA4007DCC8A /* AlbumDetailViewController.swift in Sources */,
				0F5B16A51DFFCB000073F806 /* PhoneUserController.swift in Sources */,
				0F0A1AD61DF94037007DCC8A /* AlbumController.swift in Sources */,
				0F0A1AC01DF77E8C007DCC8A /* ITunesSearchController.swift in Sources */,
				0F0A1ACE1DF8BA4B007DCC8A /* ResultsTableViewController.swift in Sources */,
				0FDCC5331DEAEEA100B99359 /* DMSong.swift in Sources */,
				0F0A1AD81DF94811007DCC8A /* AlbumDetailTableViewCell.swift in Sources */,
				0F17DB801DED2BF9007A73EB /* FeedTableViewController.swift in Sources */,
				0FDCC51F1DEAC9C300B99359 /* AppDelegate.swift in Sources */,
				0F5B16AC1E0886E30073F806 /* ProfileTableViewController.swift in Sources */,
				0F17DB5B1DEC192F007A73EB /* DMComment.swift in Sources */,
				0F0A1ABC1DF77940007DCC8A /* NewSongTableViewController.swift in Sources */,
				0F7FEB881E31CB3600884B6C /* AllEmojis.swift in Sources */,
				0F17DB511DEC0E65007A73EB /* DMAlbum.swift in Sources */,
				0F0A1ABE1DF77D3C007DCC8A /* ItunesSearchTableViewController.swift in Sources */,
				0F7FEB861E31C6D900884B6C /* EchoCollectionViewCell.swift in Sources */,
				0F0A1ACC1DF8A311007DCC8A /* TopChartsTableViewCell.swift in Sources */,
				0F0A1AAA1DF6352C007DCC8A /* FeedTableViewCell.swift in Sources */,
				0F0A1AC21DF77E9E007DCC8A /* NetworkController.swift in Sources */,
				0F17DB591DEC174B007A73EB /* DMUser.swift in Sources */,
				0F0A1AD01DF8BF2F007DCC8A /* ResultTableViewCell.swift in Sources */,
				0F0A1ACA1DF78E94007DCC8A /* GCDController.swift in Sources */,
				0F0A1AC81DF78E14007DCC8A /* ImageController.swift in Sources */,
				0F0A1AC61DF786AB007DCC8A /* ITunesTopChartsController.swift in Sources */,
				0F0A1AC41DF7815B007DCC8A /* DataTypeModifier.swift in Sources */,
			);
			runOnlyForDeploymentPostprocessing = 0;
		};
/* End PBXSourcesBuildPhase section */

/* Begin PBXVariantGroup section */
		0F0A1AAB1DF63591007DCC8A /* CustomTabBarStroyBoard.storyboard */ = {
			isa = PBXVariantGroup;
			children = (
				0F0A1AAC1DF63591007DCC8A /* Base */,
			);
			name = CustomTabBarStroyBoard.storyboard;
			path = ..;
			sourceTree = "<group>";
		};
		0FDCC5271DEAC9C300B99359 /* LaunchScreen.storyboard */ = {
			isa = PBXVariantGroup;
			children = (
				0FDCC5281DEAC9C300B99359 /* Base */,
			);
			name = LaunchScreen.storyboard;
			sourceTree = "<group>";
		};
		0FDCC5341DEAEED800B99359 /* FeedStoryBoard.storyboard */ = {
			isa = PBXVariantGroup;
			children = (
				0FDCC5351DEAEED800B99359 /* Base */,
			);
			name = FeedStoryBoard.storyboard;
			path = ..;
			sourceTree = "<group>";
		};
		694C91641E0C7B730055486F /* NewUserStoryBoard.storyboard */ = {
			isa = PBXVariantGroup;
			children = (
				694C91651E0C7B730055486F /* Base */,
			);
			name = NewUserStoryBoard.storyboard;
			sourceTree = "<group>";
		};
/* End PBXVariantGroup section */

/* Begin XCBuildConfiguration section */
		0FDCC52B1DEAC9C300B99359 /* Debug */ = {
			isa = XCBuildConfiguration;
			buildSettings = {
				ALWAYS_SEARCH_USER_PATHS = NO;
				CLANG_ANALYZER_NONNULL = YES;
				CLANG_CXX_LANGUAGE_STANDARD = "gnu++0x";
				CLANG_CXX_LIBRARY = "libc++";
				CLANG_ENABLE_MODULES = YES;
				CLANG_ENABLE_OBJC_ARC = YES;
				CLANG_WARN_BOOL_CONVERSION = YES;
				CLANG_WARN_CONSTANT_CONVERSION = YES;
				CLANG_WARN_DIRECT_OBJC_ISA_USAGE = YES_ERROR;
				CLANG_WARN_DOCUMENTATION_COMMENTS = YES;
				CLANG_WARN_EMPTY_BODY = YES;
				CLANG_WARN_ENUM_CONVERSION = YES;
				CLANG_WARN_INFINITE_RECURSION = YES;
				CLANG_WARN_INT_CONVERSION = YES;
				CLANG_WARN_OBJC_ROOT_CLASS = YES_ERROR;
				CLANG_WARN_SUSPICIOUS_MOVE = YES;
				CLANG_WARN_SUSPICIOUS_MOVES = YES;
				CLANG_WARN_UNREACHABLE_CODE = YES;
				CLANG_WARN__DUPLICATE_METHOD_MATCH = YES;
				"CODE_SIGN_IDENTITY[sdk=iphoneos*]" = "iPhone Developer";
				COPY_PHASE_STRIP = NO;
				DEBUG_INFORMATION_FORMAT = dwarf;
				ENABLE_STRICT_OBJC_MSGSEND = YES;
				ENABLE_TESTABILITY = YES;
				GCC_C_LANGUAGE_STANDARD = gnu99;
				GCC_DYNAMIC_NO_PIC = NO;
				GCC_NO_COMMON_BLOCKS = YES;
				GCC_OPTIMIZATION_LEVEL = 0;
				GCC_PREPROCESSOR_DEFINITIONS = (
					"DEBUG=1",
					"$(inherited)",
				);
				GCC_WARN_64_TO_32_BIT_CONVERSION = YES;
				GCC_WARN_ABOUT_RETURN_TYPE = YES_ERROR;
				GCC_WARN_UNDECLARED_SELECTOR = YES;
				GCC_WARN_UNINITIALIZED_AUTOS = YES_AGGRESSIVE;
				GCC_WARN_UNUSED_FUNCTION = YES;
				GCC_WARN_UNUSED_VARIABLE = YES;
				IPHONEOS_DEPLOYMENT_TARGET = 10.0;
				MTL_ENABLE_DEBUG_INFO = YES;
				ONLY_ACTIVE_ARCH = YES;
				SDKROOT = iphoneos;
				SWIFT_ACTIVE_COMPILATION_CONDITIONS = DEBUG;
				SWIFT_OPTIMIZATION_LEVEL = "-Onone";
				TARGETED_DEVICE_FAMILY = "1,2";
			};
			name = Debug;
		};
		0FDCC52C1DEAC9C300B99359 /* Release */ = {
			isa = XCBuildConfiguration;
			buildSettings = {
				ALWAYS_SEARCH_USER_PATHS = NO;
				CLANG_ANALYZER_NONNULL = YES;
				CLANG_CXX_LANGUAGE_STANDARD = "gnu++0x";
				CLANG_CXX_LIBRARY = "libc++";
				CLANG_ENABLE_MODULES = YES;
				CLANG_ENABLE_OBJC_ARC = YES;
				CLANG_WARN_BOOL_CONVERSION = YES;
				CLANG_WARN_CONSTANT_CONVERSION = YES;
				CLANG_WARN_DIRECT_OBJC_ISA_USAGE = YES_ERROR;
				CLANG_WARN_DOCUMENTATION_COMMENTS = YES;
				CLANG_WARN_EMPTY_BODY = YES;
				CLANG_WARN_ENUM_CONVERSION = YES;
				CLANG_WARN_INFINITE_RECURSION = YES;
				CLANG_WARN_INT_CONVERSION = YES;
				CLANG_WARN_OBJC_ROOT_CLASS = YES_ERROR;
				CLANG_WARN_SUSPICIOUS_MOVE = YES;
				CLANG_WARN_SUSPICIOUS_MOVES = YES;
				CLANG_WARN_UNREACHABLE_CODE = YES;
				CLANG_WARN__DUPLICATE_METHOD_MATCH = YES;
				"CODE_SIGN_IDENTITY[sdk=iphoneos*]" = "iPhone Developer";
				COPY_PHASE_STRIP = NO;
				DEBUG_INFORMATION_FORMAT = "dwarf-with-dsym";
				ENABLE_NS_ASSERTIONS = NO;
				ENABLE_STRICT_OBJC_MSGSEND = YES;
				GCC_C_LANGUAGE_STANDARD = gnu99;
				GCC_NO_COMMON_BLOCKS = YES;
				GCC_WARN_64_TO_32_BIT_CONVERSION = YES;
				GCC_WARN_ABOUT_RETURN_TYPE = YES_ERROR;
				GCC_WARN_UNDECLARED_SELECTOR = YES;
				GCC_WARN_UNINITIALIZED_AUTOS = YES_AGGRESSIVE;
				GCC_WARN_UNUSED_FUNCTION = YES;
				GCC_WARN_UNUSED_VARIABLE = YES;
				IPHONEOS_DEPLOYMENT_TARGET = 10.0;
				MTL_ENABLE_DEBUG_INFO = NO;
				SDKROOT = iphoneos;
				SWIFT_OPTIMIZATION_LEVEL = "-Owholemodule";
				TARGETED_DEVICE_FAMILY = "1,2";
				VALIDATE_PRODUCT = YES;
			};
			name = Release;
		};
		0FDCC52E1DEAC9C300B99359 /* Debug */ = {
			isa = XCBuildConfiguration;
			buildSettings = {
				ASSETCATALOG_COMPILER_APPICON_NAME = AppIcon;
				DEVELOPMENT_TEAM = GQMN9RP4XE;
				INFOPLIST_FILE = DropMusic2/Info.plist;
				LD_RUNPATH_SEARCH_PATHS = "$(inherited) @executable_path/Frameworks";
				PRODUCT_BUNDLE_IDENTIFIER = "com.angel-contreras.DropMusic2";
				PRODUCT_NAME = "$(TARGET_NAME)";
				SWIFT_VERSION = 3.0;
			};
			name = Debug;
		};
		0FDCC52F1DEAC9C300B99359 /* Release */ = {
			isa = XCBuildConfiguration;
			buildSettings = {
				ASSETCATALOG_COMPILER_APPICON_NAME = AppIcon;
				DEVELOPMENT_TEAM = GQMN9RP4XE;
				INFOPLIST_FILE = DropMusic2/Info.plist;
				LD_RUNPATH_SEARCH_PATHS = "$(inherited) @executable_path/Frameworks";
				PRODUCT_BUNDLE_IDENTIFIER = "com.angel-contreras.DropMusic2";
				PRODUCT_NAME = "$(TARGET_NAME)";
				SWIFT_VERSION = 3.0;
			};
			name = Release;
		};
/* End XCBuildConfiguration section */

/* Begin XCConfigurationList section */
		0FDCC5161DEAC9C300B99359 /* Build configuration list for PBXProject "DropMusic2" */ = {
			isa = XCConfigurationList;
			buildConfigurations = (
				0FDCC52B1DEAC9C300B99359 /* Debug */,
				0FDCC52C1DEAC9C300B99359 /* Release */,
			);
			defaultConfigurationIsVisible = 0;
			defaultConfigurationName = Release;
		};
		0FDCC52D1DEAC9C300B99359 /* Build configuration list for PBXNativeTarget "DropMusic2" */ = {
			isa = XCConfigurationList;
			buildConfigurations = (
				0FDCC52E1DEAC9C300B99359 /* Debug */,
				0FDCC52F1DEAC9C300B99359 /* Release */,
			);
			defaultConfigurationIsVisible = 0;
			defaultConfigurationName = Release;
		};
/* End XCConfigurationList section */
	};
	rootObject = 0FDCC5131DEAC9C300B99359 /* Project object */;
}
